
Microsoft Visual Studio Solution File, Format Version 12.00
# Visual Studio Version 17
VisualStudioVersion = 17.6.33829.357
MinimumVisualStudioVersion = 10.0.40219.1
Project("{FAE04EC0-301F-11D3-BF4B-00C04F79EFBC}") = "AleksandarAngelovAngelov", "AleksandarAngelovAngelov.csproj", "{BD36D8F8-8849-4343-816C-9F54A8D537DC}"
EndProject
Global
	GlobalSection(SolutionConfigurationPlatforms) = preSolution
		Debug|Any CPU = Debug|Any CPU
		Release|Any CPU = Release|Any CPU
	EndGlobalSection
	GlobalSection(ProjectConfigurationPlatforms) = postSolution
		{BD36D8F8-8849-4343-816C-9F54A8D537DC}.Debug|Any CPU.ActiveCfg = Debug|Any CPU
		{BD36D8F8-8849-4343-816C-9F54A8D537DC}.Debug|Any CPU.Build.0 = Debug|Any CPU
		{BD36D8F8-8849-4343-816C-9F54A8D537DC}.Release|Any CPU.ActiveCfg = Release|Any CPU
		{BD36D8F8-8849-4343-816C-9F54A8D537DC}.Release|Any CPU.Build.0 = Release|Any CPU
	EndGlobalSection
	GlobalSection(SolutionProperties) = preSolution
		HideSolutionNode = FALSE
	EndGlobalSection
	GlobalSection(ExtensibilityGlobals) = postSolution
		SolutionGuid = {4618A861-065E-4CF3-AACF-6D82C640A88D}
	EndGlobalSection
EndGlobal
